
Microsoft Visual Studio Solution File, Format Version 12.00
# Visual Studio 14
VisualStudioVersion = 14.0.25420.1
MinimumVisualStudioVersion = 10.0.40219.1
Project("{FAE04EC0-301F-11D3-BF4B-00C04F79EFBC}") = "TestForMoCompassGo", "TestForMoCompassGo\TestForMoCompassGo.csproj", "{BF17BFC6-B39B-41DB-A9BE-D23B063F9AA9}"
EndProject
Project("{FAE04EC0-301F-11D3-BF4B-00C04F79EFBC}") = "O2DESNet.Optimizer", "..\O2DESNet.Optimizer\O2DESNet.Optimizer.csproj", "{B7406337-F0C7-4DAC-931A-8FB09134D12A}"
EndProject
Project("{FAE04EC0-301F-11D3-BF4B-00C04F79EFBC}") = "SimpleModel", "..\..\SingaPort.Net\SingaPort\SimpleModel\SimpleModel.csproj", "{CDB54F9A-87DA-469B-B316-36A34950EF30}"
EndProject
Global
	GlobalSection(SolutionConfigurationPlatforms) = preSolution
		Debug|Any CPU = Debug|Any CPU
		Debug|x64 = Debug|x64
		Release|Any CPU = Release|Any CPU
		Release|x64 = Release|x64
	EndGlobalSection
	GlobalSection(ProjectConfigurationPlatforms) = postSolution
		{BF17BFC6-B39B-41DB-A9BE-D23B063F9AA9}.Debug|Any CPU.ActiveCfg = Debug|Any CPU
		{BF17BFC6-B39B-41DB-A9BE-D23B063F9AA9}.Debug|Any CPU.Build.0 = Debug|Any CPU
		{BF17BFC6-B39B-41DB-A9BE-D23B063F9AA9}.Debug|x64.ActiveCfg = Debug|Any CPU
		{BF17BFC6-B39B-41DB-A9BE-D23B063F9AA9}.Debug|x64.Build.0 = Debug|Any CPU
		{BF17BFC6-B39B-41DB-A9BE-D23B063F9AA9}.Release|Any CPU.ActiveCfg = Release|Any CPU
		{BF17BFC6-B39B-41DB-A9BE-D23B063F9AA9}.Release|Any CPU.Build.0 = Release|Any CPU
		{BF17BFC6-B39B-41DB-A9BE-D23B063F9AA9}.Release|x64.ActiveCfg = Release|Any CPU
		{BF17BFC6-B39B-41DB-A9BE-D23B063F9AA9}.Release|x64.Build.0 = Release|Any CPU
		{B7406337-F0C7-4DAC-931A-8FB09134D12A}.Debug|Any CPU.ActiveCfg = Debug|Any CPU
		{B7406337-F0C7-4DAC-931A-8FB09134D12A}.Debug|Any CPU.Build.0 = Debug|Any CPU
		{B7406337-F0C7-4DAC-931A-8FB09134D12A}.Debug|x64.ActiveCfg = Debug|x64
		{B7406337-F0C7-4DAC-931A-8FB09134D12A}.Debug|x64.Build.0 = Debug|x64
		{B7406337-F0C7-4DAC-931A-8FB09134D12A}.Release|Any CPU.ActiveCfg = Release|Any CPU
		{B7406337-F0C7-4DAC-931A-8FB09134D12A}.Release|Any CPU.Build.0 = Release|Any CPU
		{B7406337-F0C7-4DAC-931A-8FB09134D12A}.Release|x64.ActiveCfg = Release|x64
		{B7406337-F0C7-4DAC-931A-8FB09134D12A}.Release|x64.Build.0 = Release|x64
		{CDB54F9A-87DA-469B-B316-36A34950EF30}.Debug|Any CPU.ActiveCfg = Debug|Any CPU
		{CDB54F9A-87DA-469B-B316-36A34950EF30}.Debug|Any CPU.Build.0 = Debug|Any CPU
		{CDB54F9A-87DA-469B-B316-36A34950EF30}.Debug|x64.ActiveCfg = Debug|x64
		{CDB54F9A-87DA-469B-B316-36A34950EF30}.Debug|x64.Build.0 = Debug|x64
		{CDB54F9A-87DA-469B-B316-36A34950EF30}.Release|Any CPU.ActiveCfg = Release|Any CPU
		{CDB54F9A-87DA-469B-B316-36A34950EF30}.Release|Any CPU.Build.0 = Release|Any CPU
		{CDB54F9A-87DA-469B-B316-36A34950EF30}.Release|x64.ActiveCfg = Release|x64
		{CDB54F9A-87DA-469B-B316-36A34950EF30}.Release|x64.Build.0 = Release|x64
	EndGlobalSection
	GlobalSection(SolutionProperties) = preSolution
		HideSolutionNode = FALSE
	EndGlobalSection
EndGlobal
